
Microsoft Visual Studio Solution File, Format Version 12.00
# Visual Studio Version 16
VisualStudioVersion = 16.0.29806.167
MinimumVisualStudioVersion = 10.0.40219.1
Project("{2150E333-8FDC-42A3-9474-1A3956D46DE8}") = "Docs", "Docs", "{ECF7769F-4A47-41A5-BDFA-7693243C425C}"
	ProjectSection(SolutionItems) = preProject
		Todo.txt = Todo.txt
	EndProjectSection
EndProject
Project("{FAE04EC0-301F-11D3-BF4B-00C04F79EFBC}") = "OpenCVSharpTest", "OpenCVSharpTest\OpenCVSharpTest.csproj", "{B5009719-A98E-46B3-B969-15A2B2FAEAFC}"
	ProjectSection(ProjectDependencies) = postProject
		{A1A72F89-7FF7-4A02-9C6E-33586820DCC7} = {A1A72F89-7FF7-4A02-9C6E-33586820DCC7}
	EndProjectSection
EndProject
Project("{8BC9CEB8-8B4A-11D0-8D11-00A0C91BC942}") = "IP", "IP\IP.vcxproj", "{A1A72F89-7FF7-4A02-9C6E-33586820DCC7}"
EndProject
Project("{2150E333-8FDC-42A3-9474-1A3956D46DE8}") = "Solution Items", "Solution Items", "{C11FCCC3-2402-495E-B134-04985553D5F9}"
	ProjectSection(SolutionItems) = preProject
		.editorconfig = .editorconfig
	EndProjectSection
EndProject
Global
	GlobalSection(SolutionConfigurationPlatforms) = preSolution
		Debug|Any CPU = Debug|Any CPU
		Debug|x64 = Debug|x64
		Debug|x86 = Debug|x86
		Release|Any CPU = Release|Any CPU
		Release|x64 = Release|x64
		Release|x86 = Release|x86
	EndGlobalSection
	GlobalSection(ProjectConfigurationPlatforms) = postSolution
		{B5009719-A98E-46B3-B969-15A2B2FAEAFC}.Debug|Any CPU.ActiveCfg = Debug|Any CPU
		{B5009719-A98E-46B3-B969-15A2B2FAEAFC}.Debug|Any CPU.Build.0 = Debug|Any CPU
		{B5009719-A98E-46B3-B969-15A2B2FAEAFC}.Debug|x64.ActiveCfg = Debug|Any CPU
		{B5009719-A98E-46B3-B969-15A2B2FAEAFC}.Debug|x64.Build.0 = Debug|Any CPU
		{B5009719-A98E-46B3-B969-15A2B2FAEAFC}.Debug|x86.ActiveCfg = Debug|Any CPU
		{B5009719-A98E-46B3-B969-15A2B2FAEAFC}.Debug|x86.Build.0 = Debug|Any CPU
		{B5009719-A98E-46B3-B969-15A2B2FAEAFC}.Release|Any CPU.ActiveCfg = Release|Any CPU
		{B5009719-A98E-46B3-B969-15A2B2FAEAFC}.Release|Any CPU.Build.0 = Release|Any CPU
		{B5009719-A98E-46B3-B969-15A2B2FAEAFC}.Release|x64.ActiveCfg = Release|Any CPU
		{B5009719-A98E-46B3-B969-15A2B2FAEAFC}.Release|x64.Build.0 = Release|Any CPU
		{B5009719-A98E-46B3-B969-15A2B2FAEAFC}.Release|x86.ActiveCfg = Release|Any CPU
		{B5009719-A98E-46B3-B969-15A2B2FAEAFC}.Release|x86.Build.0 = Release|Any CPU
		{A1A72F89-7FF7-4A02-9C6E-33586820DCC7}.Debug|Any CPU.ActiveCfg = Debug|x64
		{A1A72F89-7FF7-4A02-9C6E-33586820DCC7}.Debug|Any CPU.Build.0 = Debug|x64
		{A1A72F89-7FF7-4A02-9C6E-33586820DCC7}.Debug|x64.ActiveCfg = Debug|x64
		{A1A72F89-7FF7-4A02-9C6E-33586820DCC7}.Debug|x64.Build.0 = Debug|x64
		{A1A72F89-7FF7-4A02-9C6E-33586820DCC7}.Debug|x86.ActiveCfg = Debug|Win32
		{A1A72F89-7FF7-4A02-9C6E-33586820DCC7}.Debug|x86.Build.0 = Debug|Win32
		{A1A72F89-7FF7-4A02-9C6E-33586820DCC7}.Release|Any CPU.ActiveCfg = Release|x64
		{A1A72F89-7FF7-4A02-9C6E-33586820DCC7}.Release|Any CPU.Build.0 = Release|x64
		{A1A72F89-7FF7-4A02-9C6E-33586820DCC7}.Release|x64.ActiveCfg = Release|x64
		{A1A72F89-7FF7-4A02-9C6E-33586820DCC7}.Release|x64.Build.0 = Release|x64
		{A1A72F89-7FF7-4A02-9C6E-33586820DCC7}.Release|x86.ActiveCfg = Release|Win32
		{A1A72F89-7FF7-4A02-9C6E-33586820DCC7}.Release|x86.Build.0 = Release|Win32
	EndGlobalSection
	GlobalSection(SolutionProperties) = preSolution
		HideSolutionNode = FALSE
	EndGlobalSection
	GlobalSection(ExtensibilityGlobals) = postSolution
		SolutionGuid = {7C1E8E15-4B89-46E6-96B8-D5B2CD34E3DC}
	EndGlobalSection
EndGlobal
